
Microsoft Visual Studio Solution File, Format Version 12.00
# Visual Studio Version 17
VisualStudioVersion = 17.4.33213.308
MinimumVisualStudioVersion = 10.0.40219.1
Project("{FAE04EC0-301F-11D3-BF4B-00C04F79EFBC}") = "WebCuoiKy", "WebCuoiKy\WebCuoiKy.csproj", "{552A4B37-0D21-4913-8617-C3BE8C21EEF5}"
EndProject
Global
	GlobalSection(SolutionConfigurationPlatforms) = preSolution
		Debug|Any CPU = Debug|Any CPU
		Release|Any CPU = Release|Any CPU
	EndGlobalSection
	GlobalSection(ProjectConfigurationPlatforms) = postSolution
		{552A4B37-0D21-4913-8617-C3BE8C21EEF5}.Debug|Any CPU.ActiveCfg = Debug|Any CPU
		{552A4B37-0D21-4913-8617-C3BE8C21EEF5}.Debug|Any CPU.Build.0 = Debug|Any CPU
		{552A4B37-0D21-4913-8617-C3BE8C21EEF5}.Release|Any CPU.ActiveCfg = Release|Any CPU
		{552A4B37-0D21-4913-8617-C3BE8C21EEF5}.Release|Any CPU.Build.0 = Release|Any CPU
	EndGlobalSection
	GlobalSection(SolutionProperties) = preSolution
		HideSolutionNode = FALSE
	EndGlobalSection
	GlobalSection(ExtensibilityGlobals) = postSolution
		SolutionGuid = {F33CA53B-CB29-4D23-8206-D5CB7B2295E3}
	EndGlobalSection
EndGlobal
